
Microsoft Visual Studio Solution File, Format Version 12.00
# Visual Studio Version 17
VisualStudioVersion = 17.2.32616.157
MinimumVisualStudioVersion = 10.0.40219.1
Project("{FAE04EC0-301F-11D3-BF4B-00C04F79EFBC}") = "AlphabetForm", "AlphabetForm.csproj", "{6139322F-23B5-45CA-BA9A-E1807652357B}"
EndProject
Global
	GlobalSection(SolutionConfigurationPlatforms) = preSolution
		Debug|Any CPU = Debug|Any CPU
		Release|Any CPU = Release|Any CPU
	EndGlobalSection
	GlobalSection(ProjectConfigurationPlatforms) = postSolution
		{6139322F-23B5-45CA-BA9A-E1807652357B}.Debug|Any CPU.ActiveCfg = Debug|Any CPU
		{6139322F-23B5-45CA-BA9A-E1807652357B}.Debug|Any CPU.Build.0 = Debug|Any CPU
		{6139322F-23B5-45CA-BA9A-E1807652357B}.Release|Any CPU.ActiveCfg = Release|Any CPU
		{6139322F-23B5-45CA-BA9A-E1807652357B}.Release|Any CPU.Build.0 = Release|Any CPU
	EndGlobalSection
	GlobalSection(SolutionProperties) = preSolution
		HideSolutionNode = FALSE
	EndGlobalSection
	GlobalSection(ExtensibilityGlobals) = postSolution
		SolutionGuid = {CBB6307E-4D90-457B-8068-75A486CC8345}
	EndGlobalSection
EndGlobal
